
Microsoft Visual Studio Solution File, Format Version 12.00
# Visual Studio 15
VisualStudioVersion = 15.0.28307.852
MinimumVisualStudioVersion = 10.0.40219.1
Project("{FAE04EC0-301F-11D3-BF4B-00C04F79EFBC}") = "ClockInApp", "ClockInApp\ClockInApp.csproj", "{C0AE1BA1-2F8E-4B13-BEC0-EE3EDE1A3583}"
EndProject
Global
	GlobalSection(SolutionConfigurationPlatforms) = preSolution
		Debug|Any CPU = Debug|Any CPU
		Release|Any CPU = Release|Any CPU
	EndGlobalSection
	GlobalSection(ProjectConfigurationPlatforms) = postSolution
		{C0AE1BA1-2F8E-4B13-BEC0-EE3EDE1A3583}.Debug|Any CPU.ActiveCfg = Debug|Any CPU
		{C0AE1BA1-2F8E-4B13-BEC0-EE3EDE1A3583}.Debug|Any CPU.Build.0 = Debug|Any CPU
		{C0AE1BA1-2F8E-4B13-BEC0-EE3EDE1A3583}.Release|Any CPU.ActiveCfg = Release|Any CPU
		{C0AE1BA1-2F8E-4B13-BEC0-EE3EDE1A3583}.Release|Any CPU.Build.0 = Release|Any CPU
	EndGlobalSection
	GlobalSection(SolutionProperties) = preSolution
		HideSolutionNode = FALSE
	EndGlobalSection
	GlobalSection(ExtensibilityGlobals) = postSolution
		SolutionGuid = {ED4E8896-BA6F-4065-BA9F-27C41A63F400}
	EndGlobalSection
EndGlobal
